// !$*UTF8*$!
{
	archiveVersion = 1;
	classes = {
	};
	objectVersion = 50;
	objects = {

/* Begin PBXBuildFile section */
		437134BB24F9535400D601EA /* AppDelegate.swift in Sources */ = {isa = PBXBuildFile; fileRef = 437134BA24F9535400D601EA /* AppDelegate.swift */; };
		437134BD24F9535400D601EA /* SceneDelegate.swift in Sources */ = {isa = PBXBuildFile; fileRef = 437134BC24F9535400D601EA /* SceneDelegate.swift */; };
		437134BF24F9535400D601EA /* ViewController.swift in Sources */ = {isa = PBXBuildFile; fileRef = 437134BE24F9535400D601EA /* ViewController.swift */; };
		437134C224F9535400D601EA /* Main.storyboard in Resources */ = {isa = PBXBuildFile; fileRef = 437134C024F9535400D601EA /* Main.storyboard */; };
		437134C524F9535400D601EA /* TestCoreData.xcdatamodeld in Sources */ = {isa = PBXBuildFile; fileRef = 437134C324F9535400D601EA /* TestCoreData.xcdatamodeld */; };
		437134C724F9535900D601EA /* Assets.xcassets in Resources */ = {isa = PBXBuildFile; fileRef = 437134C624F9535900D601EA /* Assets.xcassets */; };
		437134CA24F9535900D601EA /* LaunchScreen.storyboard in Resources */ = {isa = PBXBuildFile; fileRef = 437134C824F9535900D601EA /* LaunchScreen.storyboard */; };
/* End PBXBuildFile section */

/* Begin PBXFileReference section */
		437134B724F9535400D601EA /* TestCoreData.app */ = {isa = PBXFileReference; explicitFileType = wrapper.application; includeInIndex = 0; path = TestCoreData.app; sourceTree = BUILT_PRODUCTS_DIR; };
		437134BA24F9535400D601EA /* AppDelegate.swift */ = {isa = PBXFileReference; lastKnownFileType = sourcecode.swift; path = AppDelegate.swift; sourceTree = "<group>"; };
		437134BC24F9535400D601EA /* SceneDelegate.swift */ = {isa = PBXFileReference; lastKnownFileType = sourcecode.swift; path = SceneDelegate.swift; sourceTree = "<group>"; };
		437134BE24F9535400D601EA /* ViewController.swift */ = {isa = PBXFileReference; lastKnownFileType = sourcecode.swift; path = ViewController.swift; sourceTree = "<group>"; };
		437134C124F9535400D601EA /* Base */ = {isa = PBXFileReference; lastKnownFileType = file.storyboard; name = Base; path = Base.lproj/Main.storyboard; sourceTree = "<group>"; };
		437134C424F9535400D601EA /* TestCoreData.xcdatamodel */ = {isa = PBXFileReference; lastKnownFileType = wrapper.xcdatamodel; path = TestCoreData.xcdatamodel; sourceTree = "<group>"; };
		437134C624F9535900D601EA /* Assets.xcassets */ = {isa = PBXFileReference; lastKnownFileType = folder.assetcatalog; path = Assets.xcassets; sourceTree = "<group>"; };
		437134C924F9535900D601EA /* Base */ = {isa = PBXFileReference; lastKnownFileType = file.storyboard; name = Base; path = Base.lproj/LaunchScreen.storyboard; sourceTree = "<group>"; };
		437134CB24F9535900D601EA /* Info.plist */ = {isa = PBXFileReference; lastKnownFileType = text.plist.xml; path = Info.plist; sourceTree = "<group>"; };
/* End PBXFileReference section */

/* Begin PBXFrameworksBuildPhase section */
		437134B424F9535400D601EA /* Frameworks */ = {
			isa = PBXFrameworksBuildPhase;
			buildActionMask = 2147483647;
			files = (
			);
			runOnlyForDeploymentPostprocessing = 0;
		};
/* End PBXFrameworksBuildPhase section */

/* Begin PBXGroup section */
		437134AE24F9535400D601EA = {
			isa = PBXGroup;
			children = (
				437134B924F9535400D601EA /* TestCoreData */,
				437134B824F9535400D601EA /* Products */,
			);
			sourceTree = "<group>";
		};
		437134B824F9535400D601EA /* Products */ = {
			isa = PBXGroup;
			children = (
				437134B724F9535400D601EA /* TestCoreData.app */,
			);
			name = Products;
			sourceTree = "<group>";
		};
		437134B924F9535400D601EA /* TestCoreData */ = {
			isa = PBXGroup;
			children = (
				437134BA24F9535400D601EA /* AppDelegate.swift */,
				437134BC24F9535400D601EA /* SceneDelegate.swift */,
				437134BE24F9535400D601EA /* ViewController.swift */,
				437134C024F9535400D601EA /* Main.storyboard */,
				437134C624F9535900D601EA /* Assets.xcassets */,
				437134C824F9535900D601EA /* LaunchScreen.storyboard */,
				437134CB24F9535900D601EA /* Info.plist */,
				437134C324F9535400D601EA /* TestCoreData.xcdatamodeld */,
			);
			path = TestCoreData;
			sourceTree = "<group>";
		};
/* End PBXGroup section */

/* Begin PBXNativeTarget section */
		437134B624F9535400D601EA /* TestCoreData */ = {
			isa = PBXNativeTarget;
			buildConfigurationList = 437134CE24F9535900D601EA /* Build configuration list for PBXNativeTarget "TestCoreData" */;
			buildPhases = (
				437134B324F9535400D601EA /* Sources */,
				437134B424F9535400D601EA /* Frameworks */,
				437134B524F9535400D601EA /* Resources */,
			);
			buildRules = (
			);
			dependencies = (
			);
			name = TestCoreData;
			productName = TestCoreData;
			productReference = 437134B724F9535400D601EA /* TestCoreData.app */;
			productType = "com.apple.product-type.application";
		};
/* End PBXNativeTarget section */

/* Begin PBXProject section */
		437134AF24F9535400D601EA /* Project object */ = {
			isa = PBXProject;
			attributes = {
				LastSwiftUpdateCheck = 1160;
				LastUpgradeCheck = 1160;
				ORGANIZATIONNAME = "Ludovic HENRY";
				TargetAttributes = {
					437134B624F9535400D601EA = {
						CreatedOnToolsVersion = 11.6;
					};
				};
			};
			buildConfigurationList = 437134B224F9535400D601EA /* Build configuration list for PBXProject "TestCoreData" */;
			compatibilityVersion = "Xcode 9.3";
			developmentRegion = en;
			hasScannedForEncodings = 0;
			knownRegions = (
				en,
				Base,
			);
			mainGroup = 437134AE24F9535400D601EA;
			productRefGroup = 437134B824F9535400D601EA /* Products */;
			projectDirPath = "";
			projectRoot = "";
			targets = (
				437134B624F9535400D601EA /* TestCoreData */,
			);
		};
/* End PBXProject section */

/* Begin PBXResourcesBuildPhase section */
		437134B524F9535400D601EA /* Resources */ = {
			isa = PBXResourcesBuildPhase;
			buildActionMask = 2147483647;
			files = (
				437134CA24F9535900D601EA /* LaunchScreen.storyboard in Resources */,
				437134C724F9535900D601EA /* Assets.xcassets in Resources */,
				437134C224F9535400D601EA /* Main.storyboard in Resources */,
			);
			runOnlyForDeploymentPostprocessing = 0;
		};
/* End PBXResourcesBuildPhase section */

/* Begin PBXSourcesBuildPhase section */
		437134B324F9535400D601EA /* Sources */ = {
			isa = PBXSourcesBuildPhase;
			buildActionMask = 2147483647;
			files = (
				437134C524F9535400D601EA /* TestCoreData.xcdatamodeld in Sources */,
				437134BF24F9535400D601EA /* ViewController.swift in Sources */,
				437134BB24F9535400D601EA /* AppDelegate.swift in Sources */,
				437134BD24F9535400D601EA /* SceneDelegate.swift in Sources */,
			);
			runOnlyForDeploymentPostprocessing = 0;
		};
/* End PBXSourcesBuildPhase section */

/* Begin PBXVariantGroup section */
		437134C024F9535400D601EA /* Main.storyboard */ = {
			isa = PBXVariantGroup;
			children = (
				437134C124F9535400D601EA /* Base */,
			);
			name = Main.storyboard;
			sourceTree = "<group>";
		};
		437134C824F9535900D601EA /* LaunchScreen.storyboard */ = {
			isa = PBXVariantGroup;
			children = (
				437134C924F9535900D601EA /* Base */,
			);
			name = LaunchScreen.storyboard;
			sourceTree = "<group>";
		};
/* End PBXVariantGroup section */

/* Begin XCBuildConfiguration section */
		437134CC24F9535900D601EA /* Debug */ = {
			isa = XCBuildConfiguration;
			buildSettings = {
				ALWAYS_SEARCH_USER_PATHS = NO;
				CLANG_ANALYZER_NONNULL = YES;
				CLANG_ANALYZER_NUMBER_OBJECT_CONVERSION = YES_AGGRESSIVE;
				CLANG_CXX_LANGUAGE_STANDARD = "gnu++14";
				CLANG_CXX_LIBRARY = "libc++";
				CLANG_ENABLE_MODULES = YES;
				CLANG_ENABLE_OBJC_ARC = YES;
				CLANG_ENABLE_OBJC_WEAK = YES;
				CLANG_WARN_BLOCK_CAPTURE_AUTORELEASING = YES;
				CLANG_WARN_BOOL_CONVERSION = YES;
				CLANG_WARN_COMMA = YES;
				CLANG_WARN_CONSTANT_CONVERSION = YES;
				CLANG_WARN_DEPRECATED_OBJC_IMPLEMENTATIONS = YES;
				CLANG_WARN_DIRECT_OBJC_ISA_USAGE = YES_ERROR;
				CLANG_WARN_DOCUMENTATION_COMMENTS = YES;
				CLANG_WARN_EMPTY_BODY = YES;
				CLANG_WARN_ENUM_CONVERSION = YES;
				CLANG_WARN_INFINITE_RECURSION = YES;
				CLANG_WARN_INT_CONVERSION = YES;
				CLANG_WARN_NON_LITERAL_NULL_CONVERSION = YES;
				CLANG_WARN_OBJC_IMPLICIT_RETAIN_SELF = YES;
				CLANG_WARN_OBJC_LITERAL_CONVERSION = YES;
				CLANG_WARN_OBJC_ROOT_CLASS = YES_ERROR;
				CLANG_WARN_RANGE_LOOP_ANALYSIS = YES;
				CLANG_WARN_STRICT_PROTOTYPES = YES;
				CLANG_WARN_SUSPICIOUS_MOVE = YES;
				CLANG_WARN_UNGUARDED_AVAILABILITY = YES_AGGRESSIVE;
				CLANG_WARN_UNREACHABLE_CODE = YES;
				CLANG_WARN__DUPLICATE_METHOD_MATCH = YES;
				COPY_PHASE_STRIP = NO;
				DEBUG_INFORMATION_FORMAT = dwarf;
				ENABLE_STRICT_OBJC_MSGSEND = YES;
				ENABLE_TESTABILITY = YES;
				GCC_C_LANGUAGE_STANDARD = gnu11;
				GCC_DYNAMIC_NO_PIC = NO;
				GCC_NO_COMMON_BLOCKS = YES;
				GCC_OPTIMIZATION_LEVEL = 0;
				GCC_PREPROCESSOR_DEFINITIONS = (
					"DEBUG=1",
					"$(inherited)",
				);
				GCC_WARN_64_TO_32_BIT_CONVERSION = YES;
				GCC_WARN_ABOUT_RETURN_TYPE = YES_ERROR;
				GCC_WARN_UNDECLARED_SELECTOR = YES;
				GCC_WARN_UNINITIALIZED_AUTOS = YES_AGGRESSIVE;
				GCC_WARN_UNUSED_FUNCTION = YES;
				GCC_WARN_UNUSED_VARIABLE = YES;
				IPHONEOS_DEPLOYMENT_TARGET = 13.6;
				MTL_ENABLE_DEBUG_INFO = INCLUDE_SOURCE;
				MTL_FAST_MATH = YES;
				ONLY_ACTIVE_ARCH = YES;
				SDKROOT = iphoneos;
				SWIFT_ACTIVE_COMPILATION_CONDITIONS = DEBUG;
				SWIFT_OPTIMIZATION_LEVEL = "-Onone";
			};
			name = Debug;
		};
		437134CD24F9535900D601EA /* Release */ = {
			isa = XCBuildConfiguration;
			buildSettings = {
				ALWAYS_SEARCH_USER_PATHS = NO;
				CLANG_ANALYZER_NONNULL = YES;
				CLANG_ANALYZER_NUMBER_OBJECT_CONVERSION = YES_AGGRESSIVE;
				CLANG_CXX_LANGUAGE_STANDARD = "gnu++14";
				CLANG_CXX_LIBRARY = "libc++";
				CLANG_ENABLE_MODULES = YES;
				CLANG_ENABLE_OBJC_ARC = YES;
				CLANG_ENABLE_OBJC_WEAK = YES;
				CLANG_WARN_BLOCK_CAPTURE_AUTORELEASING = YES;
				CLANG_WARN_BOOL_CONVERSION = YES;
				CLANG_WARN_COMMA = YES;
				CLANG_WARN_CONSTANT_CONVERSION = YES;
				CLANG_WARN_DEPRECATED_OBJC_IMPLEMENTATIONS = YES;
				CLANG_WARN_DIRECT_OBJC_ISA_USAGE = YES_ERROR;
				CLANG_WARN_DOCUMENTATION_COMMENTS = YES;
				CLANG_WARN_EMPTY_BODY = YES;
				CLANG_WARN_ENUM_CONVERSION = YES;
				CLANG_WARN_INFINITE_RECURSION = YES;
				CLANG_WARN_INT_CONVERSION = YES;
				CLANG_WARN_NON_LITERAL_NULL_CONVERSION = YES;
				CLANG_WARN_OBJC_IMPLICIT_RETAIN_SELF = YES;
				CLANG_WARN_OBJC_LITERAL_CONVERSION = YES;
				CLANG_WARN_OBJC_ROOT_CLASS = YES_ERROR;
				CLANG_WARN_RANGE_LOOP_ANALYSIS = YES;
				CLANG_WARN_STRICT_PROTOTYPES = YES;
				CLANG_WARN_SUSPICIOUS_MOVE = YES;
				CLANG_WARN_UNGUARDED_AVAILABILITY = YES_AGGRESSIVE;
				CLANG_WARN_UNREACHABLE_CODE = YES;
				CLANG_WARN__DUPLICATE_METHOD_MATCH = YES;
				COPY_PHASE_STRIP = NO;
				DEBUG_INFORMATION_FORMAT = "dwarf-with-dsym";
				ENABLE_NS_ASSERTIONS = NO;
				ENABLE_STRICT_OBJC_MSGSEND = YES;
				GCC_C_LANGUAGE_STANDARD = gnu11;
				GCC_NO_COMMON_BLOCKS = YES;
				GCC_WARN_64_TO_32_BIT_CONVERSION = YES;
				GCC_WARN_ABOUT_RETURN_TYPE = YES_ERROR;
				GCC_WARN_UNDECLARED_SELECTOR = YES;
				GCC_WARN_UNINITIALIZED_AUTOS = YES_AGGRESSIVE;
				GCC_WARN_UNUSED_FUNCTION = YES;
				GCC_WARN_UNUSED_VARIABLE = YES;
				IPHONEOS_DEPLOYMENT_TARGET = 13.6;
				MTL_ENABLE_DEBUG_INFO = NO;
				MTL_FAST_MATH = YES;
				SDKROOT = iphoneos;
				SWIFT_COMPILATION_MODE = wholemodule;
				SWIFT_OPTIMIZATION_LEVEL = "-O";
				VALIDATE_PRODUCT = YES;
			};
			name = Release;
		};
		437134CF24F9535900D601EA /* Debug */ = {
			isa = XCBuildConfiguration;
			buildSettings = {
				ASSETCATALOG_COMPILER_APPICON_NAME = AppIcon;
				CODE_SIGN_STYLE = Automatic;
				DEVELOPMENT_TEAM = W8A2PVHCN3;
				INFOPLIST_FILE = TestCoreData/Info.plist;
				LD_RUNPATH_SEARCH_PATHS = (
					"$(inherited)",
					"@executable_path/Frameworks",
				);
				PRODUCT_BUNDLE_IDENTIFIER = com.ludovichenry.TestCoreData;
				PRODUCT_NAME = "$(TARGET_NAME)";
				SWIFT_VERSION = 5.0;
				TARGETED_DEVICE_FAMILY = "1,2";
			};
			name = Debug;
		};
		437134D024F9535900D601EA /* Release */ = {
			isa = XCBuildConfiguration;
			buildSettings = {
				ASSETCATALOG_COMPILER_APPICON_NAME = AppIcon;
				CODE_SIGN_STYLE = Automatic;
				DEVELOPMENT_TEAM = W8A2PVHCN3;
				INFOPLIST_FILE = TestCoreData/Info.plist;
				LD_RUNPATH_SEARCH_PATHS = (
					"$(inherited)",
					"@executable_path/Frameworks",
				);
				PRODUCT_BUNDLE_IDENTIFIER = com.ludovichenry.TestCoreData;
				PRODUCT_NAME = "$(TARGET_NAME)";
				SWIFT_VERSION = 5.0;
				TARGETED_DEVICE_FAMILY = "1,2";
			};
			name = Release;
		};
/* End XCBuildConfiguration section */

/* Begin XCConfigurationList section */
		437134B224F9535400D601EA /* Build configuration list for PBXProject "TestCoreData" */ = {
			isa = XCConfigurationList;
			buildConfigurations = (
				437134CC24F9535900D601EA /* Debug */,
				437134CD24F9535900D601EA /* Release */,
			);
			defaultConfigurationIsVisible = 0;
			defaultConfigurationName = Release;
		};
		437134CE24F9535900D601EA /* Build configuration list for PBXNativeTarget "TestCoreData" */ = {
			isa = XCConfigurationList;
			buildConfigurations = (
				437134CF24F9535900D601EA /* Debug */,
				437134D024F9535900D601EA /* Release */,
			);
			defaultConfigurationIsVisible = 0;
			defaultConfigurationName = Release;
		};
/* End XCConfigurationList section */

/* Begin XCVersionGroup section */
		437134C324F9535400D601EA /* TestCoreData.xcdatamodeld */ = {
			isa = XCVersionGroup;
			children = (
				437134C424F9535400D601EA /* TestCoreData.xcdatamodel */,
			);
			currentVersion = 437134C424F9535400D601EA /* TestCoreData.xcdatamodel */;
			path = TestCoreData.xcdatamodeld;
			sourceTree = "<group>";
			versionGroupType = wrapper.xcdatamodel;
		};
/* End XCVersionGroup section */
	};
	rootObject = 437134AF24F9535400D601EA /* Project object */;
}
